
Microsoft Visual Studio Solution File, Format Version 12.00
# Visual Studio Version 17
VisualStudioVersion = 17.8.34330.188
MinimumVisualStudioVersion = 10.0.40219.1
Project("{9A19103F-16F7-4668-BE54-9A1E7A4F7556}") = "ca-grocery-receipt-Selenium", "ca-grocery-receipt-Selenium\ca-grocery-receipt-Selenium.csproj", "{1D29D0EF-0965-433F-8FDE-9328AC32AC7C}"
EndProject
Project("{FAE04EC0-301F-11D3-BF4B-00C04F79EFBC}") = "test-grcery-receipt", "test-grcery-receipt\test-grcery-receipt.csproj", "{5CFF36C8-E65F-4229-9098-49CF3E7CB79C}"
EndProject
Global
	GlobalSection(SolutionConfigurationPlatforms) = preSolution
		Debug|Any CPU = Debug|Any CPU
		Release|Any CPU = Release|Any CPU
	EndGlobalSection
	GlobalSection(ProjectConfigurationPlatforms) = postSolution
		{1D29D0EF-0965-433F-8FDE-9328AC32AC7C}.Debug|Any CPU.ActiveCfg = Debug|Any CPU
		{1D29D0EF-0965-433F-8FDE-9328AC32AC7C}.Debug|Any CPU.Build.0 = Debug|Any CPU
		{1D29D0EF-0965-433F-8FDE-9328AC32AC7C}.Release|Any CPU.ActiveCfg = Release|Any CPU
		{1D29D0EF-0965-433F-8FDE-9328AC32AC7C}.Release|Any CPU.Build.0 = Release|Any CPU
		{5CFF36C8-E65F-4229-9098-49CF3E7CB79C}.Debug|Any CPU.ActiveCfg = Debug|Any CPU
		{5CFF36C8-E65F-4229-9098-49CF3E7CB79C}.Debug|Any CPU.Build.0 = Debug|Any CPU
		{5CFF36C8-E65F-4229-9098-49CF3E7CB79C}.Release|Any CPU.ActiveCfg = Release|Any CPU
		{5CFF36C8-E65F-4229-9098-49CF3E7CB79C}.Release|Any CPU.Build.0 = Release|Any CPU
	EndGlobalSection
	GlobalSection(SolutionProperties) = preSolution
		HideSolutionNode = FALSE
	EndGlobalSection
	GlobalSection(ExtensibilityGlobals) = postSolution
		SolutionGuid = {33C7C4FB-4F2D-4DDF-9016-CC37FCF31126}
	EndGlobalSection
EndGlobal
